
Microsoft Visual Studio Solution File, Format Version 12.00
# Visual Studio Version 17
VisualStudioVersion = 17.9.34728.123
MinimumVisualStudioVersion = 10.0.40219.1
Project("{FAE04EC0-301F-11D3-BF4B-00C04F79EFBC}") = "CountCompucters", "CountCompucters\CountCompucters.csproj", "{78E17D90-B004-4CB5-8644-5BA409E0FA24}"
EndProject
Global
	GlobalSection(SolutionConfigurationPlatforms) = preSolution
		Debug|Any CPU = Debug|Any CPU
		Release|Any CPU = Release|Any CPU
	EndGlobalSection
	GlobalSection(ProjectConfigurationPlatforms) = postSolution
		{78E17D90-B004-4CB5-8644-5BA409E0FA24}.Debug|Any CPU.ActiveCfg = Debug|Any CPU
		{78E17D90-B004-4CB5-8644-5BA409E0FA24}.Debug|Any CPU.Build.0 = Debug|Any CPU
		{78E17D90-B004-4CB5-8644-5BA409E0FA24}.Release|Any CPU.ActiveCfg = Release|Any CPU
		{78E17D90-B004-4CB5-8644-5BA409E0FA24}.Release|Any CPU.Build.0 = Release|Any CPU
	EndGlobalSection
	GlobalSection(SolutionProperties) = preSolution
		HideSolutionNode = FALSE
	EndGlobalSection
	GlobalSection(ExtensibilityGlobals) = postSolution
		SolutionGuid = {D57BFACB-33F2-4631-9EFC-57F3A66E65FF}
	EndGlobalSection
EndGlobal
